// !$*UTF8*$!
{
	archiveVersion = 1;
	classes = {
	};
	objectVersion = 46;
	objects = {

/* Begin PBXBuildFile section */
		56FB5FBF15A77D1D007CBAE5 /* UIKit.framework in Frameworks */ = {isa = PBXBuildFile; fileRef = 56FB5FBE15A77D1D007CBAE5 /* UIKit.framework */; };
		56FB5FC115A77D1D007CBAE5 /* Foundation.framework in Frameworks */ = {isa = PBXBuildFile; fileRef = 56FB5FC015A77D1D007CBAE5 /* Foundation.framework */; };
		56FB5FC315A77D1D007CBAE5 /* CoreGraphics.framework in Frameworks */ = {isa = PBXBuildFile; fileRef = 56FB5FC215A77D1D007CBAE5 /* CoreGraphics.framework */; };
		56FB5FC915A77D1D007CBAE5 /* InfoPlist.strings in Resources */ = {isa = PBXBuildFile; fileRef = 56FB5FC715A77D1D007CBAE5 /* InfoPlist.strings */; };
		56FB5FCB15A77D1D007CBAE5 /* main.m in Sources */ = {isa = PBXBuildFile; fileRef = 56FB5FCA15A77D1D007CBAE5 /* main.m */; };
		56FB5FCF15A77D1D007CBAE5 /* PMAppDelegate.m in Sources */ = {isa = PBXBuildFile; fileRef = 56FB5FCE15A77D1D007CBAE5 /* PMAppDelegate.m */; };
		56FB5FD215A77D1D007CBAE5 /* PMFirstViewController.m in Sources */ = {isa = PBXBuildFile; fileRef = 56FB5FD115A77D1D007CBAE5 /* PMFirstViewController.m */; };
		56FB5FD415A77D1D007CBAE5 /* first.png in Resources */ = {isa = PBXBuildFile; fileRef = 56FB5FD315A77D1D007CBAE5 /* first.png */; };
		56FB5FD615A77D1D007CBAE5 /* first@2x.png in Resources */ = {isa = PBXBuildFile; fileRef = 56FB5FD515A77D1D007CBAE5 /* first@2x.png */; };
		56FB5FD915A77D1D007CBAE5 /* PMSecondViewController.m in Sources */ = {isa = PBXBuildFile; fileRef = 56FB5FD815A77D1D007CBAE5 /* PMSecondViewController.m */; };
		56FB5FDB15A77D1D007CBAE5 /* second.png in Resources */ = {isa = PBXBuildFile; fileRef = 56FB5FDA15A77D1D007CBAE5 /* second.png */; };
		56FB5FDD15A77D1D007CBAE5 /* second@2x.png in Resources */ = {isa = PBXBuildFile; fileRef = 56FB5FDC15A77D1D007CBAE5 /* second@2x.png */; };
		56FB5FE015A77D1D007CBAE5 /* PMFirstViewController.xib in Resources */ = {isa = PBXBuildFile; fileRef = 56FB5FDE15A77D1D007CBAE5 /* PMFirstViewController.xib */; };
		56FB5FE315A77D1D007CBAE5 /* PMSecondViewController.xib in Resources */ = {isa = PBXBuildFile; fileRef = 56FB5FE115A77D1D007CBAE5 /* PMSecondViewController.xib */; };
/* End PBXBuildFile section */

/* Begin PBXFileReference section */
		56FB5FBA15A77D1D007CBAE5 /* Test.app */ = {isa = PBXFileReference; explicitFileType = wrapper.application; includeInIndex = 0; path = Test.app; sourceTree = BUILT_PRODUCTS_DIR; };
		56FB5FBE15A77D1D007CBAE5 /* UIKit.framework */ = {isa = PBXFileReference; lastKnownFileType = wrapper.framework; name = UIKit.framework; path = System/Library/Frameworks/UIKit.framework; sourceTree = SDKROOT; };
		56FB5FC015A77D1D007CBAE5 /* Foundation.framework */ = {isa = PBXFileReference; lastKnownFileType = wrapper.framework; name = Foundation.framework; path = System/Library/Frameworks/Foundation.framework; sourceTree = SDKROOT; };
		56FB5FC215A77D1D007CBAE5 /* CoreGraphics.framework */ = {isa = PBXFileReference; lastKnownFileType = wrapper.framework; name = CoreGraphics.framework; path = System/Library/Frameworks/CoreGraphics.framework; sourceTree = SDKROOT; };
		56FB5FC615A77D1D007CBAE5 /* Test-Info.plist */ = {isa = PBXFileReference; lastKnownFileType = text.plist.xml; path = "Test-Info.plist"; sourceTree = "<group>"; };
		56FB5FC815A77D1D007CBAE5 /* en */ = {isa = PBXFileReference; lastKnownFileType = text.plist.strings; name = en; path = en.lproj/InfoPlist.strings; sourceTree = "<group>"; };
		56FB5FCA15A77D1D007CBAE5 /* main.m */ = {isa = PBXFileReference; lastKnownFileType = sourcecode.c.objc; path = main.m; sourceTree = "<group>"; };
		56FB5FCC15A77D1D007CBAE5 /* Test-Prefix.pch */ = {isa = PBXFileReference; lastKnownFileType = sourcecode.c.h; path = "Test-Prefix.pch"; sourceTree = "<group>"; };
		56FB5FCD15A77D1D007CBAE5 /* PMAppDelegate.h */ = {isa = PBXFileReference; lastKnownFileType = sourcecode.c.h; path = PMAppDelegate.h; sourceTree = "<group>"; };
		56FB5FCE15A77D1D007CBAE5 /* PMAppDelegate.m */ = {isa = PBXFileReference; lastKnownFileType = sourcecode.c.objc; path = PMAppDelegate.m; sourceTree = "<group>"; };
		56FB5FD015A77D1D007CBAE5 /* PMFirstViewController.h */ = {isa = PBXFileReference; lastKnownFileType = sourcecode.c.h; path = PMFirstViewController.h; sourceTree = "<group>"; };
		56FB5FD115A77D1D007CBAE5 /* PMFirstViewController.m */ = {isa = PBXFileReference; lastKnownFileType = sourcecode.c.objc; path = PMFirstViewController.m; sourceTree = "<group>"; };
		56FB5FD315A77D1D007CBAE5 /* first.png */ = {isa = PBXFileReference; lastKnownFileType = image.png; path = first.png; sourceTree = "<group>"; };
		56FB5FD515A77D1D007CBAE5 /* first@2x.png */ = {isa = PBXFileReference; lastKnownFileType = image.png; path = "first@2x.png"; sourceTree = "<group>"; };
		56FB5FD715A77D1D007CBAE5 /* PMSecondViewController.h */ = {isa = PBXFileReference; lastKnownFileType = sourcecode.c.h; path = PMSecondViewController.h; sourceTree = "<group>"; };
		56FB5FD815A77D1D007CBAE5 /* PMSecondViewController.m */ = {isa = PBXFileReference; lastKnownFileType = sourcecode.c.objc; path = PMSecondViewController.m; sourceTree = "<group>"; };
		56FB5FDA15A77D1D007CBAE5 /* second.png */ = {isa = PBXFileReference; lastKnownFileType = image.png; path = second.png; sourceTree = "<group>"; };
		56FB5FDC15A77D1D007CBAE5 /* second@2x.png */ = {isa = PBXFileReference; lastKnownFileType = image.png; path = "second@2x.png"; sourceTree = "<group>"; };
		56FB5FDF15A77D1D007CBAE5 /* en */ = {isa = PBXFileReference; lastKnownFileType = file.xib; name = en; path = en.lproj/PMFirstViewController.xib; sourceTree = "<group>"; };
		56FB5FE215A77D1D007CBAE5 /* en */ = {isa = PBXFileReference; lastKnownFileType = file.xib; name = en; path = en.lproj/PMSecondViewController.xib; sourceTree = "<group>"; };
/* End PBXFileReference section */

/* Begin PBXFrameworksBuildPhase section */
		56FB5FB715A77D1D007CBAE5 /* Frameworks */ = {
			isa = PBXFrameworksBuildPhase;
			buildActionMask = 2147483647;
			files = (
				56FB5FBF15A77D1D007CBAE5 /* UIKit.framework in Frameworks */,
				56FB5FC115A77D1D007CBAE5 /* Foundation.framework in Frameworks */,
				56FB5FC315A77D1D007CBAE5 /* CoreGraphics.framework in Frameworks */,
			);
			runOnlyForDeploymentPostprocessing = 0;
		};
/* End PBXFrameworksBuildPhase section */

/* Begin PBXGroup section */
		56FB5FAF15A77D1D007CBAE5 = {
			isa = PBXGroup;
			children = (
				56FB5FC415A77D1D007CBAE5 /* Test */,
				56FB5FBD15A77D1D007CBAE5 /* Frameworks */,
				56FB5FBB15A77D1D007CBAE5 /* Products */,
			);
			sourceTree = "<group>";
		};
		56FB5FBB15A77D1D007CBAE5 /* Products */ = {
			isa = PBXGroup;
			children = (
				56FB5FBA15A77D1D007CBAE5 /* Test.app */,
			);
			name = Products;
			sourceTree = "<group>";
		};
		56FB5FBD15A77D1D007CBAE5 /* Frameworks */ = {
			isa = PBXGroup;
			children = (
				56FB5FBE15A77D1D007CBAE5 /* UIKit.framework */,
				56FB5FC015A77D1D007CBAE5 /* Foundation.framework */,
				56FB5FC215A77D1D007CBAE5 /* CoreGraphics.framework */,
			);
			name = Frameworks;
			sourceTree = "<group>";
		};
		56FB5FC415A77D1D007CBAE5 /* Test */ = {
			isa = PBXGroup;
			children = (
				56FB5FCD15A77D1D007CBAE5 /* PMAppDelegate.h */,
				56FB5FCE15A77D1D007CBAE5 /* PMAppDelegate.m */,
				56FB5FD015A77D1D007CBAE5 /* PMFirstViewController.h */,
				56FB5FD115A77D1D007CBAE5 /* PMFirstViewController.m */,
				56FB5FD315A77D1D007CBAE5 /* first.png */,
				56FB5FD515A77D1D007CBAE5 /* first@2x.png */,
				56FB5FD715A77D1D007CBAE5 /* PMSecondViewController.h */,
				56FB5FD815A77D1D007CBAE5 /* PMSecondViewController.m */,
				56FB5FDA15A77D1D007CBAE5 /* second.png */,
				56FB5FDC15A77D1D007CBAE5 /* second@2x.png */,
				56FB5FDE15A77D1D007CBAE5 /* PMFirstViewController.xib */,
				56FB5FE115A77D1D007CBAE5 /* PMSecondViewController.xib */,
				56FB5FC515A77D1D007CBAE5 /* Supporting Files */,
			);
			path = Test;
			sourceTree = "<group>";
		};
		56FB5FC515A77D1D007CBAE5 /* Supporting Files */ = {
			isa = PBXGroup;
			children = (
				56FB5FC615A77D1D007CBAE5 /* Test-Info.plist */,
				56FB5FC715A77D1D007CBAE5 /* InfoPlist.strings */,
				56FB5FCA15A77D1D007CBAE5 /* main.m */,
				56FB5FCC15A77D1D007CBAE5 /* Test-Prefix.pch */,
			);
			name = "Supporting Files";
			sourceTree = "<group>";
		};
/* End PBXGroup section */

/* Begin PBXNativeTarget section */
		56FB5FB915A77D1D007CBAE5 /* Test */ = {
			isa = PBXNativeTarget;
			buildConfigurationList = 56FB5FE615A77D1D007CBAE5 /* Build configuration list for PBXNativeTarget "Test" */;
			buildPhases = (
				56FB5FB615A77D1D007CBAE5 /* Sources */,
				56FB5FB715A77D1D007CBAE5 /* Frameworks */,
				56FB5FB815A77D1D007CBAE5 /* Resources */,
			);
			buildRules = (
			);
			dependencies = (
			);
			name = Test;
			productName = Test;
			productReference = 56FB5FBA15A77D1D007CBAE5 /* Test.app */;
			productType = "com.apple.product-type.application";
		};
/* End PBXNativeTarget section */

/* Begin PBXProject section */
		56FB5FB115A77D1D007CBAE5 /* Project object */ = {
			isa = PBXProject;
			attributes = {
				CLASSPREFIX = PM;
				LastUpgradeCheck = 0430;
				ORGANIZATIONNAME = "appRenaissance, LLC";
			};
			buildConfigurationList = 56FB5FB415A77D1D007CBAE5 /* Build configuration list for PBXProject "Test" */;
			compatibilityVersion = "Xcode 3.2";
			developmentRegion = English;
			hasScannedForEncodings = 0;
			knownRegions = (
				en,
			);
			mainGroup = 56FB5FAF15A77D1D007CBAE5;
			productRefGroup = 56FB5FBB15A77D1D007CBAE5 /* Products */;
			projectDirPath = "";
			projectRoot = "";
			targets = (
				56FB5FB915A77D1D007CBAE5 /* Test */,
			);
		};
/* End PBXProject section */

/* Begin PBXResourcesBuildPhase section */
		56FB5FB815A77D1D007CBAE5 /* Resources */ = {
			isa = PBXResourcesBuildPhase;
			buildActionMask = 2147483647;
			files = (
				56FB5FC915A77D1D007CBAE5 /* InfoPlist.strings in Resources */,
				56FB5FD415A77D1D007CBAE5 /* first.png in Resources */,
				56FB5FD615A77D1D007CBAE5 /* first@2x.png in Resources */,
				56FB5FDB15A77D1D007CBAE5 /* second.png in Resources */,
				56FB5FDD15A77D1D007CBAE5 /* second@2x.png in Resources */,
				56FB5FE015A77D1D007CBAE5 /* PMFirstViewController.xib in Resources */,
				56FB5FE315A77D1D007CBAE5 /* PMSecondViewController.xib in Resources */,
			);
			runOnlyForDeploymentPostprocessing = 0;
		};
/* End PBXResourcesBuildPhase section */

/* Begin PBXSourcesBuildPhase section */
		56FB5FB615A77D1D007CBAE5 /* Sources */ = {
			isa = PBXSourcesBuildPhase;
			buildActionMask = 2147483647;
			files = (
				56FB5FCB15A77D1D007CBAE5 /* main.m in Sources */,
				56FB5FCF15A77D1D007CBAE5 /* PMAppDelegate.m in Sources */,
				56FB5FD215A77D1D007CBAE5 /* PMFirstViewController.m in Sources */,
				56FB5FD915A77D1D007CBAE5 /* PMSecondViewController.m in Sources */,
			);
			runOnlyForDeploymentPostprocessing = 0;
		};
/* End PBXSourcesBuildPhase section */

/* Begin PBXVariantGroup section */
		56FB5FC715A77D1D007CBAE5 /* InfoPlist.strings */ = {
			isa = PBXVariantGroup;
			children = (
				56FB5FC815A77D1D007CBAE5 /* en */,
			);
			name = InfoPlist.strings;
			sourceTree = "<group>";
		};
		56FB5FDE15A77D1D007CBAE5 /* PMFirstViewController.xib */ = {
			isa = PBXVariantGroup;
			children = (
				56FB5FDF15A77D1D007CBAE5 /* en */,
			);
			name = PMFirstViewController.xib;
			sourceTree = "<group>";
		};
		56FB5FE115A77D1D007CBAE5 /* PMSecondViewController.xib */ = {
			isa = PBXVariantGroup;
			children = (
				56FB5FE215A77D1D007CBAE5 /* en */,
			);
			name = PMSecondViewController.xib;
			sourceTree = "<group>";
		};
/* End PBXVariantGroup section */

/* Begin XCBuildConfiguration section */
		56FB5FE415A77D1D007CBAE5 /* Debug */ = {
			isa = XCBuildConfiguration;
			buildSettings = {
				ALWAYS_SEARCH_USER_PATHS = NO;
				ARCHS = "$(ARCHS_STANDARD_32_BIT)";
				CLANG_ENABLE_OBJC_ARC = YES;
				"CODE_SIGN_IDENTITY[sdk=iphoneos*]" = "iPhone Developer";
				COPY_PHASE_STRIP = NO;
				GCC_C_LANGUAGE_STANDARD = gnu99;
				GCC_DYNAMIC_NO_PIC = NO;
				GCC_OPTIMIZATION_LEVEL = 0;
				GCC_PREPROCESSOR_DEFINITIONS = (
					"DEBUG=1",
					"$(inherited)",
				);
				GCC_SYMBOLS_PRIVATE_EXTERN = NO;
				GCC_VERSION = com.apple.compilers.llvm.clang.1_0;
				GCC_WARN_ABOUT_RETURN_TYPE = YES;
				GCC_WARN_UNINITIALIZED_AUTOS = YES;
				GCC_WARN_UNUSED_VARIABLE = YES;
				IPHONEOS_DEPLOYMENT_TARGET = 5.1;
				SDKROOT = iphoneos;
			};
			name = Debug;
		};
		56FB5FE515A77D1D007CBAE5 /* Release */ = {
			isa = XCBuildConfiguration;
			buildSettings = {
				ALWAYS_SEARCH_USER_PATHS = NO;
				ARCHS = "$(ARCHS_STANDARD_32_BIT)";
				CLANG_ENABLE_OBJC_ARC = YES;
				"CODE_SIGN_IDENTITY[sdk=iphoneos*]" = "iPhone Developer";
				COPY_PHASE_STRIP = YES;
				GCC_C_LANGUAGE_STANDARD = gnu99;
				GCC_VERSION = com.apple.compilers.llvm.clang.1_0;
				GCC_WARN_ABOUT_RETURN_TYPE = YES;
				GCC_WARN_UNINITIALIZED_AUTOS = YES;
				GCC_WARN_UNUSED_VARIABLE = YES;
				IPHONEOS_DEPLOYMENT_TARGET = 5.1;
				OTHER_CFLAGS = "-DNS_BLOCK_ASSERTIONS=1";
				SDKROOT = iphoneos;
				VALIDATE_PRODUCT = YES;
			};
			name = Release;
		};
		56FB5FE715A77D1D007CBAE5 /* Debug */ = {
			isa = XCBuildConfiguration;
			buildSettings = {
				GCC_PRECOMPILE_PREFIX_HEADER = YES;
				GCC_PREFIX_HEADER = "Test/Test-Prefix.pch";
				INFOPLIST_FILE = "Test/Test-Info.plist";
				PRODUCT_NAME = "$(TARGET_NAME)";
				WRAPPER_EXTENSION = app;
			};
			name = Debug;
		};
		56FB5FE815A77D1D007CBAE5 /* Release */ = {
			isa = XCBuildConfiguration;
			buildSettings = {
				GCC_PRECOMPILE_PREFIX_HEADER = YES;
				GCC_PREFIX_HEADER = "Test/Test-Prefix.pch";
				INFOPLIST_FILE = "Test/Test-Info.plist";
				PRODUCT_NAME = "$(TARGET_NAME)";
				WRAPPER_EXTENSION = app;
			};
			name = Release;
		};
/* End XCBuildConfiguration section */

/* Begin XCConfigurationList section */
		56FB5FB415A77D1D007CBAE5 /* Build configuration list for PBXProject "Test" */ = {
			isa = XCConfigurationList;
			buildConfigurations = (
				56FB5FE415A77D1D007CBAE5 /* Debug */,
				56FB5FE515A77D1D007CBAE5 /* Release */,
			);
			defaultConfigurationIsVisible = 0;
			defaultConfigurationName = Release;
		};
		56FB5FE615A77D1D007CBAE5 /* Build configuration list for PBXNativeTarget "Test" */ = {
			isa = XCConfigurationList;
			buildConfigurations = (
				56FB5FE715A77D1D007CBAE5 /* Debug */,
				56FB5FE815A77D1D007CBAE5 /* Release */,
			);
			defaultConfigurationIsVisible = 0;
		};
/* End XCConfigurationList section */
	};
	rootObject = 56FB5FB115A77D1D007CBAE5 /* Project object */;
}
